
Microsoft Visual Studio Solution File, Format Version 12.00
# Visual Studio Version 17
VisualStudioVersion = 17.13.35913.81 d17.13
MinimumVisualStudioVersion = 10.0.40219.1
Project("{FAE04EC0-301F-11D3-BF4B-00C04F79EFBC}") = "Password Generator Installer", "Password Generator Installer\Password Generator Installer.csproj", "{DAEA65E0-D94A-400E-8F4A-DF26EC7F036A}"
EndProject
Global
	GlobalSection(SolutionConfigurationPlatforms) = preSolution
		Debug|Any CPU = Debug|Any CPU
		Release|Any CPU = Release|Any CPU
	EndGlobalSection
	GlobalSection(ProjectConfigurationPlatforms) = postSolution
		{DAEA65E0-D94A-400E-8F4A-DF26EC7F036A}.Debug|Any CPU.ActiveCfg = Debug|Any CPU
		{DAEA65E0-D94A-400E-8F4A-DF26EC7F036A}.Debug|Any CPU.Build.0 = Debug|Any CPU
		{DAEA65E0-D94A-400E-8F4A-DF26EC7F036A}.Release|Any CPU.ActiveCfg = Release|Any CPU
		{DAEA65E0-D94A-400E-8F4A-DF26EC7F036A}.Release|Any CPU.Build.0 = Release|Any CPU
	EndGlobalSection
	GlobalSection(SolutionProperties) = preSolution
		HideSolutionNode = FALSE
	EndGlobalSection
	GlobalSection(ExtensibilityGlobals) = postSolution
		SolutionGuid = {ACAD8E08-46B9-40EA-B5B0-5C9190C30D8C}
	EndGlobalSection
EndGlobal
